// !$*UTF8*$!
{
	archiveVersion = 1;
	classes = {
	};
	objectVersion = 50;
	objects = {

/* Begin PBXBuildFile section */
		F7209286250A1B460011FEAF /* AppDelegate.swift in Sources */ = {isa = PBXBuildFile; fileRef = F7209285250A1B460011FEAF /* AppDelegate.swift */; };
		F7209288250A1B460011FEAF /* SceneDelegate.swift in Sources */ = {isa = PBXBuildFile; fileRef = F7209287250A1B460011FEAF /* SceneDelegate.swift */; };
		F720928F250A1B4A0011FEAF /* Assets.xcassets in Resources */ = {isa = PBXBuildFile; fileRef = F720928E250A1B4A0011FEAF /* Assets.xcassets */; };
		F7209292250A1B4A0011FEAF /* LaunchScreen.storyboard in Resources */ = {isa = PBXBuildFile; fileRef = F7209290250A1B4A0011FEAF /* LaunchScreen.storyboard */; };
		F74A7250251743A300AFB738 /* CharacterDetailVC.swift in Sources */ = {isa = PBXBuildFile; fileRef = F74A724F251743A300AFB738 /* CharacterDetailVC.swift */; };
		F75D5C9C250F392A00115722 /* Character.swift in Sources */ = {isa = PBXBuildFile; fileRef = F75D5C9B250F392A00115722 /* Character.swift */; };
		F75D5C9E250F3B1900115722 /* Location.swift in Sources */ = {isa = PBXBuildFile; fileRef = F75D5C9D250F3B1900115722 /* Location.swift */; };
		F75D5CA0250F3E1B00115722 /* Episode.swift in Sources */ = {isa = PBXBuildFile; fileRef = F75D5C9F250F3E1B00115722 /* Episode.swift */; };
		F75D5CA2250F64FB00115722 /* Extensions.swift in Sources */ = {isa = PBXBuildFile; fileRef = F75D5CA1250F64FB00115722 /* Extensions.swift */; };
		F75D5CA4250FCF8500115722 /* NetworkHandler.swift in Sources */ = {isa = PBXBuildFile; fileRef = F75D5CA3250FCF8500115722 /* NetworkHandler.swift */; };
		F77008A6251DC6C900F42950 /* LocationFeedVC.swift in Sources */ = {isa = PBXBuildFile; fileRef = F77008A5251DC6C900F42950 /* LocationFeedVC.swift */; };
		F77008A8251F1F3B00F42950 /* LocationTableCell.swift in Sources */ = {isa = PBXBuildFile; fileRef = F77008A7251F1F3B00F42950 /* LocationTableCell.swift */; };
		F784BDCF2522F43D0040941D /* EpisodeFeedVC.swift in Sources */ = {isa = PBXBuildFile; fileRef = F784BDCE2522F43D0040941D /* EpisodeFeedVC.swift */; };
		F78D8B542510DA9200A2C055 /* ResourcesWithServiceInfo.swift in Sources */ = {isa = PBXBuildFile; fileRef = F78D8B532510DA9200A2C055 /* ResourcesWithServiceInfo.swift */; };
		F78EF8F0253E0DB000E7A55C /* CharacterFilterView.swift in Sources */ = {isa = PBXBuildFile; fileRef = F78EF8EF253E0DB000E7A55C /* CharacterFilterView.swift */; };
		F78EF8F4253E0E0100E7A55C /* CharacterFilterView.xib in Resources */ = {isa = PBXBuildFile; fileRef = F78EF8F3253E0E0100E7A55C /* CharacterFilterView.xib */; };
		F78EF8F7253E116F00E7A55C /* ContainerWithSideController.swift in Sources */ = {isa = PBXBuildFile; fileRef = F78EF8F6253E116F00E7A55C /* ContainerWithSideController.swift */; };
		F78EF8FA253E13FA00E7A55C /* CharacterSearchController.swift in Sources */ = {isa = PBXBuildFile; fileRef = F78EF8F9253E13FA00E7A55C /* CharacterSearchController.swift */; };
		F7C2C99E252B26B300BD7E79 /* Constants.swift in Sources */ = {isa = PBXBuildFile; fileRef = F7C2C99D252B26B300BD7E79 /* Constants.swift */; };
		F7DE4FE3251B5BD9000DEF9D /* LabelsStack.swift in Sources */ = {isa = PBXBuildFile; fileRef = F7DE4FE2251B5BD9000DEF9D /* LabelsStack.swift */; };
		F7E36B4F25360682003112F1 /* Protocols.swift in Sources */ = {isa = PBXBuildFile; fileRef = F7E36B4E25360682003112F1 /* Protocols.swift */; };
		F7E76FDD2511F09F00008DD4 /* TabBarController.swift in Sources */ = {isa = PBXBuildFile; fileRef = F7E76FDC2511F09F00008DD4 /* TabBarController.swift */; };
		F7E76FDF25120E1400008DD4 /* CharacterFeedController.swift in Sources */ = {isa = PBXBuildFile; fileRef = F7E76FDE25120E1400008DD4 /* CharacterFeedController.swift */; };
		F7E76FE22512117600008DD4 /* CharacterCell.swift in Sources */ = {isa = PBXBuildFile; fileRef = F7E76FE12512117600008DD4 /* CharacterCell.swift */; };
/* End PBXBuildFile section */

/* Begin PBXFileReference section */
		F7209282250A1B460011FEAF /* RickAndMorty.app */ = {isa = PBXFileReference; explicitFileType = wrapper.application; includeInIndex = 0; path = RickAndMorty.app; sourceTree = BUILT_PRODUCTS_DIR; };
		F7209285250A1B460011FEAF /* AppDelegate.swift */ = {isa = PBXFileReference; lastKnownFileType = sourcecode.swift; path = AppDelegate.swift; sourceTree = "<group>"; };
		F7209287250A1B460011FEAF /* SceneDelegate.swift */ = {isa = PBXFileReference; lastKnownFileType = sourcecode.swift; path = SceneDelegate.swift; sourceTree = "<group>"; };
		F720928E250A1B4A0011FEAF /* Assets.xcassets */ = {isa = PBXFileReference; lastKnownFileType = folder.assetcatalog; path = Assets.xcassets; sourceTree = "<group>"; };
		F7209291250A1B4A0011FEAF /* Base */ = {isa = PBXFileReference; lastKnownFileType = file.storyboard; name = Base; path = Base.lproj/LaunchScreen.storyboard; sourceTree = "<group>"; };
		F7209293250A1B4A0011FEAF /* Info.plist */ = {isa = PBXFileReference; lastKnownFileType = text.plist.xml; path = Info.plist; sourceTree = "<group>"; };
		F74A724F251743A300AFB738 /* CharacterDetailVC.swift */ = {isa = PBXFileReference; lastKnownFileType = sourcecode.swift; path = CharacterDetailVC.swift; sourceTree = "<group>"; };
		F75D5C9B250F392A00115722 /* Character.swift */ = {isa = PBXFileReference; lastKnownFileType = sourcecode.swift; path = Character.swift; sourceTree = "<group>"; };
		F75D5C9D250F3B1900115722 /* Location.swift */ = {isa = PBXFileReference; lastKnownFileType = sourcecode.swift; path = Location.swift; sourceTree = "<group>"; };
		F75D5C9F250F3E1B00115722 /* Episode.swift */ = {isa = PBXFileReference; lastKnownFileType = sourcecode.swift; path = Episode.swift; sourceTree = "<group>"; };
		F75D5CA1250F64FB00115722 /* Extensions.swift */ = {isa = PBXFileReference; lastKnownFileType = sourcecode.swift; path = Extensions.swift; sourceTree = "<group>"; };
		F75D5CA3250FCF8500115722 /* NetworkHandler.swift */ = {isa = PBXFileReference; lastKnownFileType = sourcecode.swift; path = NetworkHandler.swift; sourceTree = "<group>"; };
		F77008A5251DC6C900F42950 /* LocationFeedVC.swift */ = {isa = PBXFileReference; lastKnownFileType = sourcecode.swift; path = LocationFeedVC.swift; sourceTree = "<group>"; };
		F77008A7251F1F3B00F42950 /* LocationTableCell.swift */ = {isa = PBXFileReference; lastKnownFileType = sourcecode.swift; path = LocationTableCell.swift; sourceTree = "<group>"; };
		F784BDCE2522F43D0040941D /* EpisodeFeedVC.swift */ = {isa = PBXFileReference; lastKnownFileType = sourcecode.swift; path = EpisodeFeedVC.swift; sourceTree = "<group>"; };
		F78D8B532510DA9200A2C055 /* ResourcesWithServiceInfo.swift */ = {isa = PBXFileReference; lastKnownFileType = sourcecode.swift; path = ResourcesWithServiceInfo.swift; sourceTree = "<group>"; };
		F78EF8EF253E0DB000E7A55C /* CharacterFilterView.swift */ = {isa = PBXFileReference; lastKnownFileType = sourcecode.swift; path = CharacterFilterView.swift; sourceTree = "<group>"; };
		F78EF8F3253E0E0100E7A55C /* CharacterFilterView.xib */ = {isa = PBXFileReference; lastKnownFileType = file.xib; path = CharacterFilterView.xib; sourceTree = "<group>"; };
		F78EF8F6253E116F00E7A55C /* ContainerWithSideController.swift */ = {isa = PBXFileReference; lastKnownFileType = sourcecode.swift; path = ContainerWithSideController.swift; sourceTree = "<group>"; };
		F78EF8F9253E13FA00E7A55C /* CharacterSearchController.swift */ = {isa = PBXFileReference; lastKnownFileType = sourcecode.swift; path = CharacterSearchController.swift; sourceTree = "<group>"; };
		F7C2C99D252B26B300BD7E79 /* Constants.swift */ = {isa = PBXFileReference; lastKnownFileType = sourcecode.swift; path = Constants.swift; sourceTree = "<group>"; };
		F7DE4FE2251B5BD9000DEF9D /* LabelsStack.swift */ = {isa = PBXFileReference; lastKnownFileType = sourcecode.swift; path = LabelsStack.swift; sourceTree = "<group>"; };
		F7E36B4E25360682003112F1 /* Protocols.swift */ = {isa = PBXFileReference; lastKnownFileType = sourcecode.swift; path = Protocols.swift; sourceTree = "<group>"; };
		F7E76FDC2511F09F00008DD4 /* TabBarController.swift */ = {isa = PBXFileReference; lastKnownFileType = sourcecode.swift; path = TabBarController.swift; sourceTree = "<group>"; };
		F7E76FDE25120E1400008DD4 /* CharacterFeedController.swift */ = {isa = PBXFileReference; lastKnownFileType = sourcecode.swift; path = CharacterFeedController.swift; sourceTree = "<group>"; };
		F7E76FE12512117600008DD4 /* CharacterCell.swift */ = {isa = PBXFileReference; lastKnownFileType = sourcecode.swift; path = CharacterCell.swift; sourceTree = "<group>"; };
/* End PBXFileReference section */

/* Begin PBXFrameworksBuildPhase section */
		F720927F250A1B460011FEAF /* Frameworks */ = {
			isa = PBXFrameworksBuildPhase;
			buildActionMask = 2147483647;
			files = (
			);
			runOnlyForDeploymentPostprocessing = 0;
		};
/* End PBXFrameworksBuildPhase section */

/* Begin PBXGroup section */
		F7209279250A1B460011FEAF = {
			isa = PBXGroup;
			children = (
				F7209284250A1B460011FEAF /* RickAndMorty */,
				F7209283250A1B460011FEAF /* Products */,
			);
			sourceTree = "<group>";
		};
		F7209283250A1B460011FEAF /* Products */ = {
			isa = PBXGroup;
			children = (
				F7209282250A1B460011FEAF /* RickAndMorty.app */,
			);
			name = Products;
			sourceTree = "<group>";
		};
		F7209284250A1B460011FEAF /* RickAndMorty */ = {
			isa = PBXGroup;
			children = (
				F7E36B4D2536064F003112F1 /* Utils */,
				F75D5C9A250F38EA00115722 /* Model */,
				F7E76FDB2511E29300008DD4 /* Controller */,
				F7E76FE0251210B400008DD4 /* View */,
				F7209285250A1B460011FEAF /* AppDelegate.swift */,
				F7209287250A1B460011FEAF /* SceneDelegate.swift */,
				F720928E250A1B4A0011FEAF /* Assets.xcassets */,
				F7209290250A1B4A0011FEAF /* LaunchScreen.storyboard */,
				F7209293250A1B4A0011FEAF /* Info.plist */,
			);
			path = RickAndMorty;
			sourceTree = "<group>";
		};
		F75D5C9A250F38EA00115722 /* Model */ = {
			isa = PBXGroup;
			children = (
				F75D5C9B250F392A00115722 /* Character.swift */,
				F75D5C9D250F3B1900115722 /* Location.swift */,
				F75D5C9F250F3E1B00115722 /* Episode.swift */,
				F78D8B532510DA9200A2C055 /* ResourcesWithServiceInfo.swift */,
			);
			path = Model;
			sourceTree = "<group>";
		};
		F7E36B4D2536064F003112F1 /* Utils */ = {
			isa = PBXGroup;
			children = (
				F7C2C99D252B26B300BD7E79 /* Constants.swift */,
				F75D5CA3250FCF8500115722 /* NetworkHandler.swift */,
				F75D5CA1250F64FB00115722 /* Extensions.swift */,
				F7E36B4E25360682003112F1 /* Protocols.swift */,
			);
			path = Utils;
			sourceTree = "<group>";
		};
		F7E76FDB2511E29300008DD4 /* Controller */ = {
			isa = PBXGroup;
			children = (
				F7E76FDC2511F09F00008DD4 /* TabBarController.swift */,
				F74A724F251743A300AFB738 /* CharacterDetailVC.swift */,
				F7E76FDE25120E1400008DD4 /* CharacterFeedController.swift */,
				F77008A5251DC6C900F42950 /* LocationFeedVC.swift */,
				F784BDCE2522F43D0040941D /* EpisodeFeedVC.swift */,
				F78EF8F6253E116F00E7A55C /* ContainerWithSideController.swift */,
				F78EF8F9253E13FA00E7A55C /* CharacterSearchController.swift */,
			);
			path = Controller;
			sourceTree = "<group>";
		};
		F7E76FE0251210B400008DD4 /* View */ = {
			isa = PBXGroup;
			children = (
				F7E76FE12512117600008DD4 /* CharacterCell.swift */,
				F7DE4FE2251B5BD9000DEF9D /* LabelsStack.swift */,
				F77008A7251F1F3B00F42950 /* LocationTableCell.swift */,
				F78EF8EF253E0DB000E7A55C /* CharacterFilterView.swift */,
				F78EF8F3253E0E0100E7A55C /* CharacterFilterView.xib */,
			);
			path = View;
			sourceTree = "<group>";
		};
/* End PBXGroup section */

/* Begin PBXNativeTarget section */
		F7209281250A1B460011FEAF /* RickAndMorty */ = {
			isa = PBXNativeTarget;
			buildConfigurationList = F7209296250A1B4A0011FEAF /* Build configuration list for PBXNativeTarget "RickAndMorty" */;
			buildPhases = (
				F720927E250A1B460011FEAF /* Sources */,
				F720927F250A1B460011FEAF /* Frameworks */,
				F7209280250A1B460011FEAF /* Resources */,
			);
			buildRules = (
			);
			dependencies = (
			);
			name = RickAndMorty;
			productName = RickAndMorty;
			productReference = F7209282250A1B460011FEAF /* RickAndMorty.app */;
			productType = "com.apple.product-type.application";
		};
/* End PBXNativeTarget section */

/* Begin PBXProject section */
		F720927A250A1B460011FEAF /* Project object */ = {
			isa = PBXProject;
			attributes = {
				LastSwiftUpdateCheck = 1160;
				LastUpgradeCheck = 1160;
				ORGANIZATIONNAME = "Zhanibek Sagintayev";
				TargetAttributes = {
					F7209281250A1B460011FEAF = {
						CreatedOnToolsVersion = 11.6;
					};
				};
			};
			buildConfigurationList = F720927D250A1B460011FEAF /* Build configuration list for PBXProject "RickAndMorty" */;
			compatibilityVersion = "Xcode 9.3";
			developmentRegion = en;
			hasScannedForEncodings = 0;
			knownRegions = (
				en,
				Base,
			);
			mainGroup = F7209279250A1B460011FEAF;
			productRefGroup = F7209283250A1B460011FEAF /* Products */;
			projectDirPath = "";
			projectRoot = "";
			targets = (
				F7209281250A1B460011FEAF /* RickAndMorty */,
			);
		};
/* End PBXProject section */

/* Begin PBXResourcesBuildPhase section */
		F7209280250A1B460011FEAF /* Resources */ = {
			isa = PBXResourcesBuildPhase;
			buildActionMask = 2147483647;
			files = (
				F7209292250A1B4A0011FEAF /* LaunchScreen.storyboard in Resources */,
				F720928F250A1B4A0011FEAF /* Assets.xcassets in Resources */,
				F78EF8F4253E0E0100E7A55C /* CharacterFilterView.xib in Resources */,
			);
			runOnlyForDeploymentPostprocessing = 0;
		};
/* End PBXResourcesBuildPhase section */

/* Begin PBXSourcesBuildPhase section */
		F720927E250A1B460011FEAF /* Sources */ = {
			isa = PBXSourcesBuildPhase;
			buildActionMask = 2147483647;
			files = (
				F74A7250251743A300AFB738 /* CharacterDetailVC.swift in Sources */,
				F75D5CA0250F3E1B00115722 /* Episode.swift in Sources */,
				F77008A8251F1F3B00F42950 /* LocationTableCell.swift in Sources */,
				F7209286250A1B460011FEAF /* AppDelegate.swift in Sources */,
				F78EF8F7253E116F00E7A55C /* ContainerWithSideController.swift in Sources */,
				F7E76FE22512117600008DD4 /* CharacterCell.swift in Sources */,
				F784BDCF2522F43D0040941D /* EpisodeFeedVC.swift in Sources */,
				F75D5C9E250F3B1900115722 /* Location.swift in Sources */,
				F7209288250A1B460011FEAF /* SceneDelegate.swift in Sources */,
				F78EF8FA253E13FA00E7A55C /* CharacterSearchController.swift in Sources */,
				F7E36B4F25360682003112F1 /* Protocols.swift in Sources */,
				F7E76FDD2511F09F00008DD4 /* TabBarController.swift in Sources */,
				F75D5C9C250F392A00115722 /* Character.swift in Sources */,
				F7DE4FE3251B5BD9000DEF9D /* LabelsStack.swift in Sources */,
				F75D5CA2250F64FB00115722 /* Extensions.swift in Sources */,
				F7E76FDF25120E1400008DD4 /* CharacterFeedController.swift in Sources */,
				F78D8B542510DA9200A2C055 /* ResourcesWithServiceInfo.swift in Sources */,
				F75D5CA4250FCF8500115722 /* NetworkHandler.swift in Sources */,
				F77008A6251DC6C900F42950 /* LocationFeedVC.swift in Sources */,
				F78EF8F0253E0DB000E7A55C /* CharacterFilterView.swift in Sources */,
				F7C2C99E252B26B300BD7E79 /* Constants.swift in Sources */,
			);
			runOnlyForDeploymentPostprocessing = 0;
		};
/* End PBXSourcesBuildPhase section */

/* Begin PBXVariantGroup section */
		F7209290250A1B4A0011FEAF /* LaunchScreen.storyboard */ = {
			isa = PBXVariantGroup;
			children = (
				F7209291250A1B4A0011FEAF /* Base */,
			);
			name = LaunchScreen.storyboard;
			sourceTree = "<group>";
		};
/* End PBXVariantGroup section */

/* Begin XCBuildConfiguration section */
		F7209294250A1B4A0011FEAF /* Debug */ = {
			isa = XCBuildConfiguration;
			buildSettings = {
				ALWAYS_SEARCH_USER_PATHS = NO;
				CLANG_ANALYZER_NONNULL = YES;
				CLANG_ANALYZER_NUMBER_OBJECT_CONVERSION = YES_AGGRESSIVE;
				CLANG_CXX_LANGUAGE_STANDARD = "gnu++14";
				CLANG_CXX_LIBRARY = "libc++";
				CLANG_ENABLE_MODULES = YES;
				CLANG_ENABLE_OBJC_ARC = YES;
				CLANG_ENABLE_OBJC_WEAK = YES;
				CLANG_WARN_BLOCK_CAPTURE_AUTORELEASING = YES;
				CLANG_WARN_BOOL_CONVERSION = YES;
				CLANG_WARN_COMMA = YES;
				CLANG_WARN_CONSTANT_CONVERSION = YES;
				CLANG_WARN_DEPRECATED_OBJC_IMPLEMENTATIONS = YES;
				CLANG_WARN_DIRECT_OBJC_ISA_USAGE = YES_ERROR;
				CLANG_WARN_DOCUMENTATION_COMMENTS = YES;
				CLANG_WARN_EMPTY_BODY = YES;
				CLANG_WARN_ENUM_CONVERSION = YES;
				CLANG_WARN_INFINITE_RECURSION = YES;
				CLANG_WARN_INT_CONVERSION = YES;
				CLANG_WARN_NON_LITERAL_NULL_CONVERSION = YES;
				CLANG_WARN_OBJC_IMPLICIT_RETAIN_SELF = YES;
				CLANG_WARN_OBJC_LITERAL_CONVERSION = YES;
				CLANG_WARN_OBJC_ROOT_CLASS = YES_ERROR;
				CLANG_WARN_RANGE_LOOP_ANALYSIS = YES;
				CLANG_WARN_STRICT_PROTOTYPES = YES;
				CLANG_WARN_SUSPICIOUS_MOVE = YES;
				CLANG_WARN_UNGUARDED_AVAILABILITY = YES_AGGRESSIVE;
				CLANG_WARN_UNREACHABLE_CODE = YES;
				CLANG_WARN__DUPLICATE_METHOD_MATCH = YES;
				COPY_PHASE_STRIP = NO;
				DEBUG_INFORMATION_FORMAT = dwarf;
				ENABLE_STRICT_OBJC_MSGSEND = YES;
				ENABLE_TESTABILITY = YES;
				GCC_C_LANGUAGE_STANDARD = gnu11;
				GCC_DYNAMIC_NO_PIC = NO;
				GCC_NO_COMMON_BLOCKS = YES;
				GCC_OPTIMIZATION_LEVEL = 0;
				GCC_PREPROCESSOR_DEFINITIONS = (
					"DEBUG=1",
					"$(inherited)",
				);
				GCC_WARN_64_TO_32_BIT_CONVERSION = YES;
				GCC_WARN_ABOUT_RETURN_TYPE = YES_ERROR;
				GCC_WARN_UNDECLARED_SELECTOR = YES;
				GCC_WARN_UNINITIALIZED_AUTOS = YES_AGGRESSIVE;
				GCC_WARN_UNUSED_FUNCTION = YES;
				GCC_WARN_UNUSED_VARIABLE = YES;
				IPHONEOS_DEPLOYMENT_TARGET = 13.6;
				MTL_ENABLE_DEBUG_INFO = INCLUDE_SOURCE;
				MTL_FAST_MATH = YES;
				ONLY_ACTIVE_ARCH = YES;
				SDKROOT = iphoneos;
				SWIFT_ACTIVE_COMPILATION_CONDITIONS = DEBUG;
				SWIFT_OPTIMIZATION_LEVEL = "-Onone";
			};
			name = Debug;
		};
		F7209295250A1B4A0011FEAF /* Release */ = {
			isa = XCBuildConfiguration;
			buildSettings = {
				ALWAYS_SEARCH_USER_PATHS = NO;
				CLANG_ANALYZER_NONNULL = YES;
				CLANG_ANALYZER_NUMBER_OBJECT_CONVERSION = YES_AGGRESSIVE;
				CLANG_CXX_LANGUAGE_STANDARD = "gnu++14";
				CLANG_CXX_LIBRARY = "libc++";
				CLANG_ENABLE_MODULES = YES;
				CLANG_ENABLE_OBJC_ARC = YES;
				CLANG_ENABLE_OBJC_WEAK = YES;
				CLANG_WARN_BLOCK_CAPTURE_AUTORELEASING = YES;
				CLANG_WARN_BOOL_CONVERSION = YES;
				CLANG_WARN_COMMA = YES;
				CLANG_WARN_CONSTANT_CONVERSION = YES;
				CLANG_WARN_DEPRECATED_OBJC_IMPLEMENTATIONS = YES;
				CLANG_WARN_DIRECT_OBJC_ISA_USAGE = YES_ERROR;
				CLANG_WARN_DOCUMENTATION_COMMENTS = YES;
				CLANG_WARN_EMPTY_BODY = YES;
				CLANG_WARN_ENUM_CONVERSION = YES;
				CLANG_WARN_INFINITE_RECURSION = YES;
				CLANG_WARN_INT_CONVERSION = YES;
				CLANG_WARN_NON_LITERAL_NULL_CONVERSION = YES;
				CLANG_WARN_OBJC_IMPLICIT_RETAIN_SELF = YES;
				CLANG_WARN_OBJC_LITERAL_CONVERSION = YES;
				CLANG_WARN_OBJC_ROOT_CLASS = YES_ERROR;
				CLANG_WARN_RANGE_LOOP_ANALYSIS = YES;
				CLANG_WARN_STRICT_PROTOTYPES = YES;
				CLANG_WARN_SUSPICIOUS_MOVE = YES;
				CLANG_WARN_UNGUARDED_AVAILABILITY = YES_AGGRESSIVE;
				CLANG_WARN_UNREACHABLE_CODE = YES;
				CLANG_WARN__DUPLICATE_METHOD_MATCH = YES;
				COPY_PHASE_STRIP = NO;
				DEBUG_INFORMATION_FORMAT = "dwarf-with-dsym";
				ENABLE_NS_ASSERTIONS = NO;
				ENABLE_STRICT_OBJC_MSGSEND = YES;
				GCC_C_LANGUAGE_STANDARD = gnu11;
				GCC_NO_COMMON_BLOCKS = YES;
				GCC_WARN_64_TO_32_BIT_CONVERSION = YES;
				GCC_WARN_ABOUT_RETURN_TYPE = YES_ERROR;
				GCC_WARN_UNDECLARED_SELECTOR = YES;
				GCC_WARN_UNINITIALIZED_AUTOS = YES_AGGRESSIVE;
				GCC_WARN_UNUSED_FUNCTION = YES;
				GCC_WARN_UNUSED_VARIABLE = YES;
				IPHONEOS_DEPLOYMENT_TARGET = 13.6;
				MTL_ENABLE_DEBUG_INFO = NO;
				MTL_FAST_MATH = YES;
				SDKROOT = iphoneos;
				SWIFT_COMPILATION_MODE = wholemodule;
				SWIFT_OPTIMIZATION_LEVEL = "-O";
				VALIDATE_PRODUCT = YES;
			};
			name = Release;
		};
		F7209297250A1B4A0011FEAF /* Debug */ = {
			isa = XCBuildConfiguration;
			buildSettings = {
				ASSETCATALOG_COMPILER_APPICON_NAME = AppIcon;
				CODE_SIGN_STYLE = Automatic;
				DEVELOPMENT_TEAM = 66WZG572VA;
				INFOPLIST_FILE = RickAndMorty/Info.plist;
				LD_RUNPATH_SEARCH_PATHS = (
					"$(inherited)",
					"@executable_path/Frameworks",
				);
				PRODUCT_BUNDLE_IDENTIFIER = pet.projects.RickAndMorty;
				PRODUCT_NAME = "$(TARGET_NAME)";
				SWIFT_VERSION = 5.0;
				TARGETED_DEVICE_FAMILY = "1,2";
			};
			name = Debug;
		};
		F7209298250A1B4A0011FEAF /* Release */ = {
			isa = XCBuildConfiguration;
			buildSettings = {
				ASSETCATALOG_COMPILER_APPICON_NAME = AppIcon;
				CODE_SIGN_STYLE = Automatic;
				DEVELOPMENT_TEAM = 66WZG572VA;
				INFOPLIST_FILE = RickAndMorty/Info.plist;
				LD_RUNPATH_SEARCH_PATHS = (
					"$(inherited)",
					"@executable_path/Frameworks",
				);
				PRODUCT_BUNDLE_IDENTIFIER = pet.projects.RickAndMorty;
				PRODUCT_NAME = "$(TARGET_NAME)";
				SWIFT_VERSION = 5.0;
				TARGETED_DEVICE_FAMILY = "1,2";
			};
			name = Release;
		};
/* End XCBuildConfiguration section */

/* Begin XCConfigurationList section */
		F720927D250A1B460011FEAF /* Build configuration list for PBXProject "RickAndMorty" */ = {
			isa = XCConfigurationList;
			buildConfigurations = (
				F7209294250A1B4A0011FEAF /* Debug */,
				F7209295250A1B4A0011FEAF /* Release */,
			);
			defaultConfigurationIsVisible = 0;
			defaultConfigurationName = Release;
		};
		F7209296250A1B4A0011FEAF /* Build configuration list for PBXNativeTarget "RickAndMorty" */ = {
			isa = XCConfigurationList;
			buildConfigurations = (
				F7209297250A1B4A0011FEAF /* Debug */,
				F7209298250A1B4A0011FEAF /* Release */,
			);
			defaultConfigurationIsVisible = 0;
			defaultConfigurationName = Release;
		};
/* End XCConfigurationList section */
	};
	rootObject = F720927A250A1B460011FEAF /* Project object */;
}
